{
  "version": "5",
  "specifiers": {
    "jsr:@std/assert@1.0.19": "1.0.19",
    "jsr:@std/assert@^1.0.17": "1.0.19",
    "jsr:@std/data-structures@^1.0.10": "1.0.10",
    "jsr:@std/fs@^1.0.22": "1.0.23",
    "jsr:@std/internal@^1.0.12": "1.0.12",
    "jsr:@std/path@^1.1.4": "1.1.4",
    "jsr:@std/testing@1.0.17": "1.0.17",
    "jsr:@std/testing@^1.0.17": "1.0.17",
    "npm:youversion-suggest@^4.0.1": "4.0.1"
  },
  "jsr": {
    "@std/assert@1.0.19": {
      "integrity": "eaada96ee120cb980bc47e040f82814d786fe8162ecc53c91d8df60b8755991e",
      "dependencies": [
        "jsr:@std/internal"
      ]
    },
    "@std/data-structures@1.0.10": {
      "integrity": "f574f86b0e07c69b9edc555fcc814b57d29258bad39fd5a34ba8a80ecf033cfe"
    },
    "@std/fs@1.0.23": {
      "integrity": "3ecbae4ce4fee03b180fa710caff36bb5adb66631c46a6460aaad49515565a37",
      "dependencies": [
        "jsr:@std/path"
      ]
    },
    "@std/internal@1.0.12": {
      "integrity": "972a634fd5bc34b242024402972cd5143eac68d8dffaca5eaa4dba30ce17b027"
    },
    "@std/path@1.1.4": {
      "integrity": "1d2d43f39efb1b42f0b1882a25486647cb851481862dc7313390b2bb044314b5",
      "dependencies": [
        "jsr:@std/internal"
      ]
    },
    "@std/testing@1.0.17": {
      "integrity": "87bdc2700fa98249d48a17cd72413352d3d3680dcfbdb64947fd0982d6bbf681",
      "dependencies": [
        "jsr:@std/assert@^1.0.17",
        "jsr:@std/data-structures",
        "jsr:@std/fs",
        "jsr:@std/internal",
        "jsr:@std/path"
      ]
    }
  },
  "npm": {
    "@stardazed/streams-compression@1.0.0": {
      "integrity": "sha512-SQCiwxdIVJ5xxUBYptN+fc+tJpSDbxQuJ0+3u2SmHjIzr6JIRZ28AVFtFnGy6x6j3UBlaLx73w9rC6UAFxnd1g==",
      "dependencies": [
        "@stardazed/zlib"
      ]
    },
    "@stardazed/zlib@1.0.1": {
      "integrity": "sha512-MS6PCYiRNJ32c69+3NPyL+bu7LpiFDvMcBXnlhQnF8CKMG0R/xRVCCo422NPkQ0+Cox3xKpk5Lc1LfWFS4b3cw=="
    },
    "@worker-tools/html-rewriter@0.1.0-pre.19": {
      "integrity": "sha512-IUbEZwvSdp8vtaB1LAZ/sBRJGNycd9a8cbkqO05rMEPm5MC59Sb+wiGCWaaRXrwQLDAyWeod4QC/q0TuSUI5EA==",
      "dependencies": [
        "@stardazed/streams-compression",
        "@worker-tools/resolvable-promise"
      ]
    },
    "@worker-tools/resolvable-promise@0.2.0-pre.6": {
      "integrity": "sha512-+5RcuruCLB/P3FYYb376RgyImXaq9BBQoOskUbgPyNK3O0AXPakrXUj1EELv+lcnUSdFws/ufdrrWODLJyoTmg=="
    },
    "html-entities@2.6.0": {
      "integrity": "sha512-kig+rMn/QOVRvr7c86gQ8lWXq+Hkv6CbAH1hLu+RG338StTpE8Z0b44SDVaqVu7HGKf27frdmUYEs9hTUX/cLQ=="
    },
    "youversion-suggest@4.0.1": {
      "integrity": "sha512-R4W6hrr9FhbPxdZ8U215r5/+e+qBkWUmh76ihcCO3KNoQIAtaQ085M7wJgOi5WiVbZnYvRjT2+TzKE95+Q9ibg==",
      "dependencies": [
        "@worker-tools/html-rewriter",
        "html-entities"
      ]
    }
  },
  "workspace": {
    "dependencies": [
      "jsr:@std/assert@1.0.19",
      "jsr:@std/testing@1.0.17",
      "jsr:@std/testing@^1.0.17",
      "npm:youversion-suggest@^4.0.1"
    ]
  }
}
